
Microsoft Visual Studio Solution File, Format Version 12.00
# Visual Studio Version 17
VisualStudioVersion = 17.0.31903.59
MinimumVisualStudioVersion = 10.0.40219.1
Project("{2150E333-8FDC-42A3-9474-1A3956D46DE8}") = "src", "src", "{802CE911-FB8A-43E9-9F8E-21C4140A37C2}"
EndProject
Project("{FAE04EC0-301F-11D3-BF4B-00C04F79EFBC}") = "spaces", "src\spaces\spaces.csproj", "{BCE633E6-0286-4A9E-A400-C4AD0DFF886F}"
EndProject
Project("{2150E333-8FDC-42A3-9474-1A3956D46DE8}") = "test", "test", "{5ABA363E-A968-4127-8885-86B6C8EDDEE6}"
EndProject
Project("{FAE04EC0-301F-11D3-BF4B-00C04F79EFBC}") = "spacesTest", "test\spacesTest\spacesTest.csproj", "{822866DA-C694-4EF3-A775-E3FE8775AA2C}"
EndProject
Global
	GlobalSection(SolutionConfigurationPlatforms) = preSolution
		Debug|Any CPU = Debug|Any CPU
		Release|Any CPU = Release|Any CPU
	EndGlobalSection
	GlobalSection(SolutionProperties) = preSolution
		HideSolutionNode = FALSE
	EndGlobalSection
	GlobalSection(ProjectConfigurationPlatforms) = postSolution
		{BCE633E6-0286-4A9E-A400-C4AD0DFF886F}.Debug|Any CPU.ActiveCfg = Debug|Any CPU
		{BCE633E6-0286-4A9E-A400-C4AD0DFF886F}.Debug|Any CPU.Build.0 = Debug|Any CPU
		{BCE633E6-0286-4A9E-A400-C4AD0DFF886F}.Release|Any CPU.ActiveCfg = Release|Any CPU
		{BCE633E6-0286-4A9E-A400-C4AD0DFF886F}.Release|Any CPU.Build.0 = Release|Any CPU
		{822866DA-C694-4EF3-A775-E3FE8775AA2C}.Debug|Any CPU.ActiveCfg = Debug|Any CPU
		{822866DA-C694-4EF3-A775-E3FE8775AA2C}.Debug|Any CPU.Build.0 = Debug|Any CPU
		{822866DA-C694-4EF3-A775-E3FE8775AA2C}.Release|Any CPU.ActiveCfg = Release|Any CPU
		{822866DA-C694-4EF3-A775-E3FE8775AA2C}.Release|Any CPU.Build.0 = Release|Any CPU
	EndGlobalSection
	GlobalSection(NestedProjects) = preSolution
		{BCE633E6-0286-4A9E-A400-C4AD0DFF886F} = {802CE911-FB8A-43E9-9F8E-21C4140A37C2}
		{822866DA-C694-4EF3-A775-E3FE8775AA2C} = {5ABA363E-A968-4127-8885-86B6C8EDDEE6}
	EndGlobalSection
EndGlobal
